github.com/JeremyLoy/config v1.5.0 h1:CEKqDuZIvb9r2sUZpMk8oLZOMODWMxC+Hs5bD+bN+hc=
github.com/JeremyLoy/config v1.5.0/go.mod h1:Q89XwS4S1w+hjmGVcWwb6yZjNWH3QfussGr/+y0u6Fg=
github.com/sashabaranov/go-openai v1.9.4 h1:KanoCEoowAI45jVXlenMCckutSRr39qOmSi9MyPBfZM=
github.com/sashabaranov/go-openai v1.9.4/go.mod h1:lj5b/K+zjTSFxVLijLSTDZuP7adOgerWeFyZLUhAKRg=
